# THIS IS AN AUTOGENERATED FILE. DO NOT EDIT THIS FILE DIRECTLY.
# yarn lockfile v1


"@sindresorhus/is@^0.14.0":
  version "0.14.0"
  resolved "https://repo.symphony.com/artifactory/api/npm/npm-virtual-dev/@sindresorhus/is/-/is-0.14.0.tgz#9fb3a3cf3132328151f353de4632e01e52102bea"
  integrity sha1-n7OjzzEyMoFR81PeRjLgHlIQK+o=

"@szmarczak/http-timer@^1.1.2":
  version "1.1.2"
  resolved "https://repo.symphony.com/artifactory/api/npm/npm-virtual-dev/@szmarczak/http-timer/-/http-timer-1.1.2.tgz#b1665e2c461a2cd92f4c1bbf50d5454de0d4b421"
  integrity sha1-sWZeLEYaLNkvTBu/UNVFTeDUtCE=
  dependencies:
    defer-to-connect "^1.0.1"

"@types/fs-extra@8.1.0":
  version "8.1.0"
  resolved "https://repo.symphony.com/artifactory/api/npm/npm-virtual-dev/@types/fs-extra/-/fs-extra-8.1.0.tgz#1114834b53c3914806cd03b3304b37b3bd221a4d"
  integrity sha1-ERSDS1PDkUgGzQOzMEs3s70iGk0=
  dependencies:
    "@types/node" "*"

"@types/js-beautify@~1.8.0":
  version "1.8.2"
  resolved "https://repo.symphony.com/artifactory/api/npm/npm-virtual-dev/@types/js-beautify/-/js-beautify-1.8.2.tgz#9303412f142f30c45450948b5d95b5c24117d804"
  integrity sha1-kwNBLxQvMMRUUJSLXZW1wkEX2AQ=

"@types/mustache@~4.1.0":
  version "4.1.0"
  resolved "https://repo.symphony.com/artifactory/api/npm/npm-virtual-dev/@types/mustache/-/mustache-4.1.0.tgz#b702b1e2879d9ff1f39ac89a4a7784a489aee947"
  integrity sha1-twKx4oedn/HzmsiaSneEpImu6Uc=

"@types/node@*":
  version "14.14.14"
  resolved "https://repo.symphony.com/artifactory/api/npm/npm-virtual-dev/@types/node/-/node-14.14.14.tgz#f7fd5f3cc8521301119f63910f0fb965c7d761ae"
  integrity sha1-9/1fPMhSEwERn2ORDw+5ZcfXYa4=

"@types/node@^11.0.0":
  version "11.15.40"
  resolved "https://repo.symphony.com/artifactory/api/npm/npm-virtual-dev/@types/node/-/node-11.15.40.tgz#66b17b7a9b06fe2689a77afeaa6f432779018b28"
  integrity sha1-ZrF7epsG/iaJp3r+qm9DJ3kBiyg=

abbrev@1:
  version "1.1.1"
  resolved "https://repo.symphony.com/artifactory/api/npm/npm-virtual-dev/abbrev/-/abbrev-1.1.1.tgz#f8f2c887ad10bf67f634f005b6987fed3179aac8"
  integrity sha1-+PLIh60Qv2f2NPAFtph/7TF5qsg=

ansi-align@^3.0.0:
  version "3.0.0"
  resolved "https://repo.symphony.com/artifactory/api/npm/npm-virtual-dev/ansi-align/-/ansi-align-3.0.0.tgz#b536b371cf687caaef236c18d3e21fe3797467cb"
  integrity sha1-tTazcc9ofKrvI2wY0+If43l0Z8s=
  dependencies:
    string-width "^3.0.0"

ansi-regex@^4.1.0:
  version "4.1.0"
  resolved "https://repo.symphony.com/artifactory/api/npm/npm-virtual-dev/ansi-regex/-/ansi-regex-4.1.0.tgz#8b9f8f08cf1acb843756a839ca8c7e3168c51997"
  integrity sha1-i5+PCM8ay4Q3Vqg5yox+MWjFGZc=

ansi-regex@^5.0.0:
  version "5.0.0"
  resolved "https://repo.symphony.com/artifactory/api/npm/npm-virtual-dev/ansi-regex/-/ansi-regex-5.0.0.tgz#388539f55179bf39339c81af30a654d69f87cb75"
  integrity sha1-OIU59VF5vzkznIGvMKZU1p+Hy3U=

ansi-styles@^4.1.0:
  version "4.3.0"
  resolved "https://repo.symphony.com/artifactory/api/npm/npm-virtual-dev/ansi-styles/-/ansi-styles-4.3.0.tgz#edd803628ae71c04c85ae7a0906edad34b648937"
  integrity sha1-7dgDYornHATIWuegkG7a00tkiTc=
  dependencies:
    color-convert "^2.0.1"

at-least-node@^1.0.0:
  version "1.0.0"
  resolved "https://repo.symphony.com/artifactory/api/npm/npm-virtual-dev/at-least-node/-/at-least-node-1.0.0.tgz#602cd4b46e844ad4effc92a8011a3c46e0238dc2"
  integrity sha1-YCzUtG6EStTv/JKoARo8RuAjjcI=

balanced-match@^1.0.0:
  version "1.0.0"
  resolved "https://repo.symphony.com/artifactory/api/npm/npm-virtual-dev/balanced-match/-/balanced-match-1.0.0.tgz#89b4d199ab2bee49de164ea02b89ce462d71b767"
  integrity sha1-ibTRmasr7kneFk6gK4nORi1xt2c=

boxen@^4.2.0:
  version "4.2.0"
  resolved "https://repo.symphony.com/artifactory/api/npm/npm-virtual-dev/boxen/-/boxen-4.2.0.tgz#e411b62357d6d6d36587c8ac3d5d974daa070e64"
  integrity sha1-5BG2I1fW1tNlh8isPV2XTaoHDmQ=
  dependencies:
    ansi-align "^3.0.0"
    camelcase "^5.3.1"
    chalk "^3.0.0"
    cli-boxes "^2.2.0"
    string-width "^4.1.0"
    term-size "^2.1.0"
    type-fest "^0.8.1"
    widest-line "^3.1.0"

brace-expansion@^1.1.7:
  version "1.1.11"
  resolved "https://repo.symphony.com/artifactory/api/npm/npm-virtual-dev/brace-expansion/-/brace-expansion-1.1.11.tgz#3c7fcbf529d87226f3d2f52b966ff5271eb441dd"
  integrity sha1-PH/L9SnYcibz0vUrlm/1Jx60Qd0=
  dependencies:
    balanced-match "^1.0.0"
    concat-map "0.0.1"

cacheable-request@^6.0.0:
  version "6.1.0"
  resolved "https://repo.symphony.com/artifactory/api/npm/npm-virtual-dev/cacheable-request/-/cacheable-request-6.1.0.tgz#20ffb8bd162ba4be11e9567d823db651052ca912"
  integrity sha1-IP+4vRYrpL4R6VZ9gj22UQUsqRI=
  dependencies:
    clone-response "^1.0.2"
    get-stream "^5.1.0"
    http-cache-semantics "^4.0.0"
    keyv "^3.0.0"
    lowercase-keys "^2.0.0"
    normalize-url "^4.1.0"
    responselike "^1.0.2"

camelcase@^5.3.1:
  version "5.3.1"
  resolved "https://repo.symphony.com/artifactory/api/npm/npm-virtual-dev/camelcase/-/camelcase-5.3.1.tgz#e3c9b31569e106811df242f715725a1f4c494320"
  integrity sha1-48mzFWnhBoEd8kL3FXJaH0xJQyA=

chalk@^3.0.0:
  version "3.0.0"
  resolved "https://repo.symphony.com/artifactory/api/npm/npm-virtual-dev/chalk/-/chalk-3.0.0.tgz#3f73c2bf526591f574cc492c51e2456349f844e4"
  integrity sha1-P3PCv1JlkfV0zEksUeJFY0n4ROQ=
  dependencies:
    ansi-styles "^4.1.0"
    supports-color "^7.1.0"

ci-info@^2.0.0:
  version "2.0.0"
  resolved "https://repo.symphony.com/artifactory/api/npm/npm-virtual-dev/ci-info/-/ci-info-2.0.0.tgz#67a9e964be31a51e15e5010d58e6f12834002f46"
  integrity sha1-Z6npZL4xpR4V5QENWObxKDQAL0Y=

cli-boxes@^2.2.0:
  version "2.2.1"
  resolved "https://repo.symphony.com/artifactory/api/npm/npm-virtual-dev/cli-boxes/-/cli-boxes-2.2.1.tgz#ddd5035d25094fce220e9cab40a45840a440318f"
  integrity sha1-3dUDXSUJT84iDpyrQKRYQKRAMY8=

cli@~1.0.0:
  version "1.0.1"
  resolved "https://repo.symphony.com/artifactory/api/npm/npm-virtual-dev/cli/-/cli-1.0.1.tgz#22817534f24bfa4950c34d532d48ecbc621b8c14"
  integrity sha1-IoF1NPJL+klQw01TLUjsvGIbjBQ=
  dependencies:
    exit "0.1.2"
    glob "^7.1.1"

clone-response@^1.0.2:
  version "1.0.2"
  resolved "https://repo.symphony.com/artifactory/api/npm/npm-virtual-dev/clone-response/-/clone-response-1.0.2.tgz#d1dc973920314df67fbeb94223b4ee350239e96b"
  integrity sha1-0dyXOSAxTfZ/vrlCI7TuNQI56Ws=
  dependencies:
    mimic-response "^1.0.0"

color-convert@^2.0.1:
  version "2.0.1"
  resolved "https://repo.symphony.com/artifactory/api/npm/npm-virtual-dev/color-convert/-/color-convert-2.0.1.tgz#72d3a68d598c9bdb3af2ad1e84f21d896abd4de3"
  integrity sha1-ctOmjVmMm9s68q0ehPIdiWq9TeM=
  dependencies:
    color-name "~1.1.4"

color-name@~1.1.4:
  version "1.1.4"
  resolved "https://repo.symphony.com/artifactory/api/npm/npm-virtual-dev/color-name/-/color-name-1.1.4.tgz#c2a09a87acbde69543de6f63fa3995c826c536a2"
  integrity sha1-wqCah6y95pVD3m9j+jmVyCbFNqI=

commander@^2.19.0:
  version "2.20.3"
  resolved "https://repo.symphony.com/artifactory/api/npm/npm-virtual-dev/commander/-/commander-2.20.3.tgz#fd485e84c03eb4881c20722ba48035e8531aeb33"
  integrity sha1-/UhehMA+tIgcIHIrpIA16FMa6zM=

commander@^6.2.1:
  version "6.2.1"
  resolved "https://repo.symphony.com/artifactory/api/npm/npm-virtual-dev/commander/-/commander-6.2.1.tgz#0792eb682dfbc325999bb2b84fddddba110ac73c"
  integrity sha1-B5LraC37wyWZm7K4T93duhEKxzw=

concat-map@0.0.1:
  version "0.0.1"
  resolved "https://repo.symphony.com/artifactory/api/npm/npm-virtual-dev/concat-map/-/concat-map-0.0.1.tgz#d8a96bd77fd68df7793a73036a3ba0d5405d477b"
  integrity sha1-2Klr13/Wjfd5OnMDajug1UBdR3s=

config-chain@^1.1.12:
  version "1.1.12"
  resolved "https://repo.symphony.com/artifactory/api/npm/npm-virtual-dev/config-chain/-/config-chain-1.1.12.tgz#0fde8d091200eb5e808caf25fe618c02f48e4efa"
  integrity sha1-D96NCRIA616AjK8l/mGMAvSOTvo=
  dependencies:
    ini "^1.3.4"
    proto-list "~1.2.1"

configstore@^5.0.1:
  version "5.0.1"
  resolved "https://repo.symphony.com/artifactory/api/npm/npm-virtual-dev/configstore/-/configstore-5.0.1.tgz#d365021b5df4b98cdd187d6a3b0e3f6a7cc5ed96"
  integrity sha1-02UCG130uYzdGH1qOw4/anzF7ZY=
  dependencies:
    dot-prop "^5.2.0"
    graceful-fs "^4.1.2"
    make-dir "^3.0.0"
    unique-string "^2.0.0"
    write-file-atomic "^3.0.0"
    xdg-basedir "^4.0.0"

console-browserify@1.1.x:
  version "1.1.0"
  resolved "https://repo.symphony.com/artifactory/api/npm/npm-virtual-dev/console-browserify/-/console-browserify-1.1.0.tgz#f0241c45730a9fc6323b206dbf38edc741d0bb10"
  integrity sha1-8CQcRXMKn8YyOyBtvzjtx0HQuxA=
  dependencies:
    date-now "^0.1.4"

core-util-is@~1.0.0:
  version "1.0.2"
  resolved "https://repo.symphony.com/artifactory/api/npm/npm-virtual-dev/core-util-is/-/core-util-is-1.0.2.tgz#b5fd54220aa2bc5ab57aab7140c940754503c1a7"
  integrity sha1-tf1UIgqivFq1eqtxQMlAdUUDwac=

crypto-random-string@^2.0.0:
  version "2.0.0"
  resolved "https://repo.symphony.com/artifactory/api/npm/npm-virtual-dev/crypto-random-string/-/crypto-random-string-2.0.0.tgz#ef2a7a966ec11083388369baa02ebead229b30d5"
  integrity sha1-7yp6lm7BEIM4g2m6oC6+rSKbMNU=

date-now@^0.1.4:
  version "0.1.4"
  resolved "https://repo.symphony.com/artifactory/api/npm/npm-virtual-dev/date-now/-/date-now-0.1.4.tgz#eaf439fd4d4848ad74e5cc7dbef200672b9e345b"
  integrity sha1-6vQ5/U1ISK105cx9vvIAZyueNFs=

decompress-response@^3.3.0:
  version "3.3.0"
  resolved "https://repo.symphony.com/artifactory/api/npm/npm-virtual-dev/decompress-response/-/decompress-response-3.3.0.tgz#80a4dd323748384bfa248083622aedec982adff3"
  integrity sha1-gKTdMjdIOEv6JICDYirt7Jgq3/M=
  dependencies:
    mimic-response "^1.0.0"

deep-extend@^0.6.0:
  version "0.6.0"
  resolved "https://repo.symphony.com/artifactory/api/npm/npm-virtual-dev/deep-extend/-/deep-extend-0.6.0.tgz#c4fa7c95404a17a9c3e8ca7e1537312b736330ac"
  integrity sha1-xPp8lUBKF6nD6Mp+FTcxK3NjMKw=

defer-to-connect@^1.0.1:
  version "1.1.3"
  resolved "https://repo.symphony.com/artifactory/api/npm/npm-virtual-dev/defer-to-connect/-/defer-to-connect-1.1.3.tgz#331ae050c08dcf789f8c83a7b81f0ed94f4ac591"
  integrity sha1-MxrgUMCNz3ifjIOnuB8O2U9KxZE=

dom-serializer@0:
  version "0.2.2"
  resolved "https://repo.symphony.com/artifactory/api/npm/npm-virtual-dev/dom-serializer/-/dom-serializer-0.2.2.tgz#1afb81f533717175d478655debc5e332d9f9bb51"
  integrity sha1-GvuB9TNxcXXUeGVd68XjMtn5u1E=
  dependencies:
    domelementtype "^2.0.1"
    entities "^2.0.0"

domelementtype@1:
  version "1.3.1"
  resolved "https://repo.symphony.com/artifactory/api/npm/npm-virtual-dev/domelementtype/-/domelementtype-1.3.1.tgz#d048c44b37b0d10a7f2a3d5fee3f4333d790481f"
  integrity sha1-0EjESzew0Qp/Kj1f7j9DM9eQSB8=

domelementtype@^2.0.1:
  version "2.1.0"
  resolved "https://repo.symphony.com/artifactory/api/npm/npm-virtual-dev/domelementtype/-/domelementtype-2.1.0.tgz#a851c080a6d1c3d94344aed151d99f669edf585e"
  integrity sha1-qFHAgKbRw9lDRK7RUdmfZp7fWF4=

domhandler@2.3:
  version "2.3.0"
  resolved "https://repo.symphony.com/artifactory/api/npm/npm-virtual-dev/domhandler/-/domhandler-2.3.0.tgz#2de59a0822d5027fabff6f032c2b25a2a8abe738"
  integrity sha1-LeWaCCLVAn+r/28DLCsloqir5zg=
  dependencies:
    domelementtype "1"

domutils@1.5:
  version "1.5.1"
  resolved "https://repo.symphony.com/artifactory/api/npm/npm-virtual-dev/domutils/-/domutils-1.5.1.tgz#dcd8488a26f563d61079e48c9f7b7e32373682cf"
  integrity sha1-3NhIiib1Y9YQeeSMn3t+Mjc2gs8=
  dependencies:
    dom-serializer "0"
    domelementtype "1"

dot-prop@^5.2.0:
  version "5.3.0"
  resolved "https://repo.symphony.com/artifactory/api/npm/npm-virtual-dev/dot-prop/-/dot-prop-5.3.0.tgz#90ccce708cd9cd82cc4dc8c3ddd9abdd55b20e88"
  integrity sha1-kMzOcIzZzYLMTcjD3dmr3VWyDog=
  dependencies:
    is-obj "^2.0.0"

duplexer3@^0.1.4:
  version "0.1.4"
  resolved "https://repo.symphony.com/artifactory/api/npm/npm-virtual-dev/duplexer3/-/duplexer3-0.1.4.tgz#ee01dd1cac0ed3cbc7fdbea37dc0a8f1ce002ce2"
  integrity sha1-7gHdHKwO08vH/b6jfcCo8c4ALOI=

editorconfig@^0.15.3:
  version "0.15.3"
  resolved "https://repo.symphony.com/artifactory/api/npm/npm-virtual-dev/editorconfig/-/editorconfig-0.15.3.tgz#bef84c4e75fb8dcb0ce5cee8efd51c15999befc5"
  integrity sha1-vvhMTnX7jcsM5c7o79UcFZmb78U=
  dependencies:
    commander "^2.19.0"
    lru-cache "^4.1.5"
    semver "^5.6.0"
    sigmund "^1.0.1"

emoji-regex@^7.0.1:
  version "7.0.3"
  resolved "https://repo.symphony.com/artifactory/api/npm/npm-virtual-dev/emoji-regex/-/emoji-regex-7.0.3.tgz#933a04052860c85e83c122479c4748a8e4c72156"
  integrity sha1-kzoEBShgyF6DwSJHnEdIqOTHIVY=

emoji-regex@^8.0.0:
  version "8.0.0"
  resolved "https://repo.symphony.com/artifactory/api/npm/npm-virtual-dev/emoji-regex/-/emoji-regex-8.0.0.tgz#e818fd69ce5ccfcb404594f842963bf53164cc37"
  integrity sha1-6Bj9ac5cz8tARZT4QpY79TFkzDc=

end-of-stream@^1.1.0:
  version "1.4.4"
  resolved "https://repo.symphony.com/artifactory/api/npm/npm-virtual-dev/end-of-stream/-/end-of-stream-1.4.4.tgz#5ae64a5f45057baf3626ec14da0ca5e4b2431eb0"
  integrity sha1-WuZKX0UFe682JuwU2gyl5LJDHrA=
  dependencies:
    once "^1.4.0"

entities@1.0:
  version "1.0.0"
  resolved "https://repo.symphony.com/artifactory/api/npm/npm-virtual-dev/entities/-/entities-1.0.0.tgz#b2987aa3821347fcde642b24fdfc9e4fb712bf26"
  integrity sha1-sph6o4ITR/zeZCsk/fyeT7cSvyY=

entities@^2.0.0:
  version "2.1.0"
  resolved "https://repo.symphony.com/artifactory/api/npm/npm-virtual-dev/entities/-/entities-2.1.0.tgz#992d3129cf7df6870b96c57858c249a120f8b8b5"
  integrity sha1-mS0xKc999ocLlsV4WMJJoSD4uLU=

escape-goat@^2.0.0:
  version "2.1.1"
  resolved "https://repo.symphony.com/artifactory/api/npm/npm-virtual-dev/escape-goat/-/escape-goat-2.1.1.tgz#1b2dc77003676c457ec760b2dc68edb648188675"
  integrity sha1-Gy3HcANnbEV+x2Cy3GjttkgYhnU=

exit@0.1.2, exit@0.1.x:
  version "0.1.2"
  resolved "https://repo.symphony.com/artifactory/api/npm/npm-virtual-dev/exit/-/exit-0.1.2.tgz#0632638f8d877cc82107d30a0fff1a17cba1cd0c"
  integrity sha1-BjJjj42HfMghB9MKD/8aF8uhzQw=

fs-extra@^9.0.1:
  version "9.0.1"
  resolved "https://repo.symphony.com/artifactory/api/npm/npm-virtual-dev/fs-extra/-/fs-extra-9.0.1.tgz#910da0062437ba4c39fedd863f1675ccfefcb9fc"
  integrity sha1-kQ2gBiQ3ukw5/t2GPxZ1zP78ufw=
  dependencies:
    at-least-node "^1.0.0"
    graceful-fs "^4.2.0"
    jsonfile "^6.0.1"
    universalify "^1.0.0"

fs.realpath@^1.0.0:
  version "1.0.0"
  resolved "https://repo.symphony.com/artifactory/api/npm/npm-virtual-dev/fs.realpath/-/fs.realpath-1.0.0.tgz#1504ad2523158caa40db4a2787cb01411994ea4f"
  integrity sha1-FQStJSMVjKpA20onh8sBQRmU6k8=

get-stream@^4.1.0:
  version "4.1.0"
  resolved "https://repo.symphony.com/artifactory/api/npm/npm-virtual-dev/get-stream/-/get-stream-4.1.0.tgz#c1b255575f3dc21d59bfc79cd3d2b46b1c3a54b5"
  integrity sha1-wbJVV189wh1Zv8ec09K0axw6VLU=
  dependencies:
    pump "^3.0.0"

get-stream@^5.1.0:
  version "5.2.0"
  resolved "https://repo.symphony.com/artifactory/api/npm/npm-virtual-dev/get-stream/-/get-stream-5.2.0.tgz#4966a1795ee5ace65e706c4b7beb71257d6e22d3"
  integrity sha1-SWaheV7lrOZecGxLe+txJX1uItM=
  dependencies:
    pump "^3.0.0"

glob@^7.1.1, glob@^7.1.3:
  version "7.1.6"
  resolved "https://repo.symphony.com/artifactory/api/npm/npm-virtual-dev/glob/-/glob-7.1.6.tgz#141f33b81a7c2492e125594307480c46679278a6"
  integrity sha1-FB8zuBp8JJLhJVlDB0gMRmeSeKY=
  dependencies:
    fs.realpath "^1.0.0"
    inflight "^1.0.4"
    inherits "2"
    minimatch "^3.0.4"
    once "^1.3.0"
    path-is-absolute "^1.0.0"

global-dirs@^2.0.1:
  version "2.1.0"
  resolved "https://repo.symphony.com/artifactory/api/npm/npm-virtual-dev/global-dirs/-/global-dirs-2.1.0.tgz#e9046a49c806ff04d6c1825e196c8f0091e8df4d"
  integrity sha1-6QRqScgG/wTWwYJeGWyPAJHo300=
  dependencies:
    ini "1.3.7"

got@^9.6.0:
  version "9.6.0"
  resolved "https://repo.symphony.com/artifactory/api/npm/npm-virtual-dev/got/-/got-9.6.0.tgz#edf45e7d67f99545705de1f7bbeeeb121765ed85"
  integrity sha1-7fRefWf5lUVwXeH3u+7rEhdl7YU=
  dependencies:
    "@sindresorhus/is" "^0.14.0"
    "@szmarczak/http-timer" "^1.1.2"
    cacheable-request "^6.0.0"
    decompress-response "^3.3.0"
    duplexer3 "^0.1.4"
    get-stream "^4.1.0"
    lowercase-keys "^1.0.1"
    mimic-response "^1.0.1"
    p-cancelable "^1.0.0"
    to-readable-stream "^1.0.0"
    url-parse-lax "^3.0.0"

graceful-fs@^4.1.2, graceful-fs@^4.1.6, graceful-fs@^4.2.0:
  version "4.2.4"
  resolved "https://repo.symphony.com/artifactory/api/npm/npm-virtual-dev/graceful-fs/-/graceful-fs-4.2.4.tgz#2256bde14d3632958c465ebc96dc467ca07a29fb"
  integrity sha1-Ila94U02MpWMRl68ltxGfKB6Kfs=

has-flag@^4.0.0:
  version "4.0.0"
  resolved "https://repo.symphony.com/artifactory/api/npm/npm-virtual-dev/has-flag/-/has-flag-4.0.0.tgz#944771fd9c81c81265c4d6941860da06bb59479b"
  integrity sha1-lEdx/ZyByBJlxNaUGGDaBrtZR5s=

has-yarn@^2.1.0:
  version "2.1.0"
  resolved "https://repo.symphony.com/artifactory/api/npm/npm-virtual-dev/has-yarn/-/has-yarn-2.1.0.tgz#137e11354a7b5bf11aa5cb649cf0c6f3ff2b2e77"
  integrity sha1-E34RNUp7W/EapctknPDG8/8rLnc=

htmlparser2@3.8.x:
  version "3.8.3"
  resolved "https://repo.symphony.com/artifactory/api/npm/npm-virtual-dev/htmlparser2/-/htmlparser2-3.8.3.tgz#996c28b191516a8be86501a7d79757e5c70c1068"
  integrity sha1-mWwosZFRaovoZQGn15dX5ccMEGg=
  dependencies:
    domelementtype "1"
    domhandler "2.3"
    domutils "1.5"
    entities "1.0"
    readable-stream "1.1"

http-cache-semantics@^4.0.0:
  version "4.1.0"
  resolved "https://repo.symphony.com/artifactory/api/npm/npm-virtual-dev/http-cache-semantics/-/http-cache-semantics-4.1.0.tgz#49e91c5cbf36c9b94bcfcd71c23d5249ec74e390"
  integrity sha1-SekcXL82yblLz81xwj1SSex045A=

import-lazy@^2.1.0:
  version "2.1.0"
  resolved "https://repo.symphony.com/artifactory/api/npm/npm-virtual-dev/import-lazy/-/import-lazy-2.1.0.tgz#05698e3d45c88e8d7e9d92cb0584e77f096f3e43"
  integrity sha1-BWmOPUXIjo1+nZLLBYTnfwlvPkM=

imurmurhash@^0.1.4:
  version "0.1.4"
  resolved "https://repo.symphony.com/artifactory/api/npm/npm-virtual-dev/imurmurhash/-/imurmurhash-0.1.4.tgz#9218b9b2b928a238b13dc4fb6b6d576f231453ea"
  integrity sha1-khi5srkoojixPcT7a21XbyMUU+o=

inflight@^1.0.4:
  version "1.0.6"
  resolved "https://repo.symphony.com/artifactory/api/npm/npm-virtual-dev/inflight/-/inflight-1.0.6.tgz#49bd6331d7d02d0c09bc910a1075ba8165b56df9"
  integrity sha1-Sb1jMdfQLQwJvJEKEHW6gWW1bfk=
  dependencies:
    once "^1.3.0"
    wrappy "1"

inherits@2, inherits@~2.0.1:
  version "2.0.4"
  resolved "https://repo.symphony.com/artifactory/api/npm/npm-virtual-dev/inherits/-/inherits-2.0.4.tgz#0fa2c64f932917c3433a0ded55363aae37416b7c"
  integrity sha1-D6LGT5MpF8NDOg3tVTY6rjdBa3w=

ini@1.3.7:
  version "1.3.7"
  resolved "https://repo.symphony.com/artifactory/api/npm/npm-virtual-dev/ini/-/ini-1.3.7.tgz#a09363e1911972ea16d7a8851005d84cf09a9a84"
  integrity sha1-oJNj4ZEZcuoW16iFEAXYTPCamoQ=

ini@^1.3.4, ini@~1.3.0:
  version "1.3.8"
  resolved "https://repo.symphony.com/artifactory/api/npm/npm-virtual-dev/ini/-/ini-1.3.8.tgz#a29da425b48806f34767a4efce397269af28432c"
  integrity sha1-op2kJbSIBvNHZ6Tvzjlyaa8oQyw=

is-ci@^2.0.0:
  version "2.0.0"
  resolved "https://repo.symphony.com/artifactory/api/npm/npm-virtual-dev/is-ci/-/is-ci-2.0.0.tgz#6bc6334181810e04b5c22b3d589fdca55026404c"
  integrity sha1-a8YzQYGBDgS1wis9WJ/cpVAmQEw=
  dependencies:
    ci-info "^2.0.0"

is-fullwidth-code-point@^2.0.0:
  version "2.0.0"
  resolved "https://repo.symphony.com/artifactory/api/npm/npm-virtual-dev/is-fullwidth-code-point/-/is-fullwidth-code-point-2.0.0.tgz#a3b30a5c4f199183167aaab93beefae3ddfb654f"
  integrity sha1-o7MKXE8ZkYMWeqq5O+764937ZU8=

is-fullwidth-code-point@^3.0.0:
  version "3.0.0"
  resolved "https://repo.symphony.com/artifactory/api/npm/npm-virtual-dev/is-fullwidth-code-point/-/is-fullwidth-code-point-3.0.0.tgz#f116f8064fe90b3f7844a38997c0b75051269f1d"
  integrity sha1-8Rb4Bk/pCz94RKOJl8C3UFEmnx0=

is-installed-globally@^0.3.1:
  version "0.3.2"
  resolved "https://repo.symphony.com/artifactory/api/npm/npm-virtual-dev/is-installed-globally/-/is-installed-globally-0.3.2.tgz#fd3efa79ee670d1187233182d5b0a1dd00313141"
  integrity sha1-/T76ee5nDRGHIzGC1bCh3QAxMUE=
  dependencies:
    global-dirs "^2.0.1"
    is-path-inside "^3.0.1"

is-npm@^4.0.0:
  version "4.0.0"
  resolved "https://repo.symphony.com/artifactory/api/npm/npm-virtual-dev/is-npm/-/is-npm-4.0.0.tgz#c90dd8380696df87a7a6d823c20d0b12bbe3c84d"
  integrity sha1-yQ3YOAaW34enptgjwg0LErvjyE0=

is-obj@^2.0.0:
  version "2.0.0"
  resolved "https://repo.symphony.com/artifactory/api/npm/npm-virtual-dev/is-obj/-/is-obj-2.0.0.tgz#473fb05d973705e3fd9620545018ca8e22ef4982"
  integrity sha1-Rz+wXZc3BeP9liBUUBjKjiLvSYI=

is-path-inside@^3.0.1:
  version "3.0.2"
  resolved "https://repo.symphony.com/artifactory/api/npm/npm-virtual-dev/is-path-inside/-/is-path-inside-3.0.2.tgz#f5220fc82a3e233757291dddc9c5877f2a1f3017"
  integrity sha1-9SIPyCo+IzdXKR3dycWHfyofMBc=

is-typedarray@^1.0.0:
  version "1.0.0"
  resolved "https://repo.symphony.com/artifactory/api/npm/npm-virtual-dev/is-typedarray/-/is-typedarray-1.0.0.tgz#e479c80858df0c1b11ddda6940f96011fcda4a9a"
  integrity sha1-5HnICFjfDBsR3dppQPlgEfzaSpo=

is-yarn-global@^0.3.0:
  version "0.3.0"
  resolved "https://repo.symphony.com/artifactory/api/npm/npm-virtual-dev/is-yarn-global/-/is-yarn-global-0.3.0.tgz#d502d3382590ea3004893746754c89139973e232"
  integrity sha1-1QLTOCWQ6jAEiTdGdUyJE5lz4jI=

isarray@0.0.1:
  version "0.0.1"
  resolved "https://repo.symphony.com/artifactory/api/npm/npm-virtual-dev/isarray/-/isarray-0.0.1.tgz#8a18acfca9a8f4177e09abfc6038939b05d1eedf"
  integrity sha1-ihis/Kmo9Bd+Cav8YDiTmwXR7t8=

js-beautify@^1.8.9:
  version "1.13.0"
  resolved "https://repo.symphony.com/artifactory/api/npm/npm-virtual-dev/js-beautify/-/js-beautify-1.13.0.tgz#a056d5d3acfd4918549aae3ab039f9f3c51eebb2"
  integrity sha1-oFbV06z9SRhUmq46sDn588Ue67I=
  dependencies:
    config-chain "^1.1.12"
    editorconfig "^0.15.3"
    glob "^7.1.3"
    mkdirp "^1.0.4"
    nopt "^5.0.0"

jshint@^2.9.7:
  version "2.12.0"
  resolved "https://repo.symphony.com/artifactory/api/npm/npm-virtual-dev/jshint/-/jshint-2.12.0.tgz#52e75bd058d587ef81a0e2f95e5cf18eb5dc5c37"
  integrity sha1-Uudb0FjVh++BoOL5XlzxjrXcXDc=
  dependencies:
    cli "~1.0.0"
    console-browserify "1.1.x"
    exit "0.1.x"
    htmlparser2 "3.8.x"
    lodash "~4.17.19"
    minimatch "~3.0.2"
    shelljs "0.3.x"
    strip-json-comments "1.0.x"

json-buffer@3.0.0:
  version "3.0.0"
  resolved "https://repo.symphony.com/artifactory/api/npm/npm-virtual-dev/json-buffer/-/json-buffer-3.0.0.tgz#5b1f397afc75d677bde8bcfc0e47e1f9a3d9a898"
  integrity sha1-Wx85evx11ne96Lz8Dkfh+aPZqJg=

jsonfile@^6.0.1:
  version "6.1.0"
  resolved "https://repo.symphony.com/artifactory/api/npm/npm-virtual-dev/jsonfile/-/jsonfile-6.1.0.tgz#bc55b2634793c679ec6403094eb13698a6ec0aae"
  integrity sha1-vFWyY0eTxnnsZAMJTrE2mKbsCq4=
  dependencies:
    universalify "^2.0.0"
  optionalDependencies:
    graceful-fs "^4.1.6"

keyv@^3.0.0:
  version "3.1.0"
  resolved "https://repo.symphony.com/artifactory/api/npm/npm-virtual-dev/keyv/-/keyv-3.1.0.tgz#ecc228486f69991e49e9476485a5be1e8fc5c4d9"
  integrity sha1-7MIoSG9pmR5J6UdkhaW+Ho/FxNk=
  dependencies:
    json-buffer "3.0.0"

latest-version@^5.0.0:
  version "5.1.0"
  resolved "https://repo.symphony.com/artifactory/api/npm/npm-virtual-dev/latest-version/-/latest-version-5.1.0.tgz#119dfe908fe38d15dfa43ecd13fa12ec8832face"
  integrity sha1-EZ3+kI/jjRXfpD7NE/oS7Igy+s4=
  dependencies:
    package-json "^6.3.0"

lodash@^4.17.19, lodash@~4.17.19:
  version "4.17.20"
  resolved "https://repo.symphony.com/artifactory/api/npm/npm-virtual-dev/lodash/-/lodash-4.17.20.tgz#b44a9b6297bcb698f1c51a3545a2b3b368d59c52"
  integrity sha1-tEqbYpe8tpjxxRo1RaKzs2jVnFI=

lowercase-keys@^1.0.0, lowercase-keys@^1.0.1:
  version "1.0.1"
  resolved "https://repo.symphony.com/artifactory/api/npm/npm-virtual-dev/lowercase-keys/-/lowercase-keys-1.0.1.tgz#6f9e30b47084d971a7c820ff15a6c5167b74c26f"
  integrity sha1-b54wtHCE2XGnyCD/FabFFnt0wm8=

lowercase-keys@^2.0.0:
  version "2.0.0"
  resolved "https://repo.symphony.com/artifactory/api/npm/npm-virtual-dev/lowercase-keys/-/lowercase-keys-2.0.0.tgz#2603e78b7b4b0006cbca2fbcc8a3202558ac9479"
  integrity sha1-JgPni3tLAAbLyi+8yKMgJVislHk=

lru-cache@^4.1.5:
  version "4.1.5"
  resolved "https://repo.symphony.com/artifactory/api/npm/npm-virtual-dev/lru-cache/-/lru-cache-4.1.5.tgz#8bbe50ea85bed59bc9e33dcab8235ee9bcf443cd"
  integrity sha1-i75Q6oW+1ZvJ4z3KuCNe6bz0Q80=
  dependencies:
    pseudomap "^1.0.2"
    yallist "^2.1.2"

make-dir@^3.0.0:
  version "3.1.0"
  resolved "https://repo.symphony.com/artifactory/api/npm/npm-virtual-dev/make-dir/-/make-dir-3.1.0.tgz#415e967046b3a7f1d185277d84aa58203726a13f"
  integrity sha1-QV6WcEazp/HRhSd9hKpYIDcmoT8=
  dependencies:
    semver "^6.0.0"

mimic-response@^1.0.0, mimic-response@^1.0.1:
  version "1.0.1"
  resolved "https://repo.symphony.com/artifactory/api/npm/npm-virtual-dev/mimic-response/-/mimic-response-1.0.1.tgz#4923538878eef42063cb8a3e3b0798781487ab1b"
  integrity sha1-SSNTiHju9CBjy4o+OweYeBSHqxs=

minimatch@^3.0.4, minimatch@~3.0.2:
  version "3.0.4"
  resolved "https://repo.symphony.com/artifactory/api/npm/npm-virtual-dev/minimatch/-/minimatch-3.0.4.tgz#5166e286457f03306064be5497e8dbb0c3d32083"
  integrity sha1-UWbihkV/AzBgZL5Ul+jbsMPTIIM=
  dependencies:
    brace-expansion "^1.1.7"

minimist@^1.2.0:
  version "1.2.5"
  resolved "https://repo.symphony.com/artifactory/api/npm/npm-virtual-dev/minimist/-/minimist-1.2.5.tgz#67d66014b66a6a8aaa0c083c5fd58df4e4e97602"
  integrity sha1-Z9ZgFLZqaoqqDAg8X9WN9OTpdgI=

mkdirp@^1.0.4:
  version "1.0.4"
  resolved "https://repo.symphony.com/artifactory/api/npm/npm-virtual-dev/mkdirp/-/mkdirp-1.0.4.tgz#3eb5ed62622756d79a5f0e2a221dfebad75c2f7e"
  integrity sha1-PrXtYmInVteaXw4qIh3+utdcL34=

mustache@^3.0.1:
  version "3.2.1"
  resolved "https://repo.symphony.com/artifactory/api/npm/npm-virtual-dev/mustache/-/mustache-3.2.1.tgz#89e78a9d207d78f2799b1e95764a25bf71a28322"
  integrity sha1-ieeKnSB9ePJ5mx6Vdkolv3GigyI=

nopt@^5.0.0:
  version "5.0.0"
  resolved "https://repo.symphony.com/artifactory/api/npm/npm-virtual-dev/nopt/-/nopt-5.0.0.tgz#530942bb58a512fccafe53fe210f13a25355dc88"
  integrity sha1-UwlCu1ilEvzK/lP+IQ8TolNV3Ig=
  dependencies:
    abbrev "1"

normalize-url@^4.1.0:
  version "4.5.0"
  resolved "https://repo.symphony.com/artifactory/api/npm/npm-virtual-dev/normalize-url/-/normalize-url-4.5.0.tgz#453354087e6ca96957bd8f5baf753f5982142129"
  integrity sha1-RTNUCH5sqWlXvY9br3U/WYIUISk=

once@^1.3.0, once@^1.3.1, once@^1.4.0:
  version "1.4.0"
  resolved "https://repo.symphony.com/artifactory/api/npm/npm-virtual-dev/once/-/once-1.4.0.tgz#583b1aa775961d4b113ac17d9c50baef9dd76bd1"
  integrity sha1-WDsap3WWHUsROsF9nFC6753Xa9E=
  dependencies:
    wrappy "1"

p-cancelable@^1.0.0:
  version "1.1.0"
  resolved "https://repo.symphony.com/artifactory/api/npm/npm-virtual-dev/p-cancelable/-/p-cancelable-1.1.0.tgz#d078d15a3af409220c886f1d9a0ca2e441ab26cc"
  integrity sha1-0HjRWjr0CSIMiG8dmgyi5EGrJsw=

package-json@^6.3.0:
  version "6.5.0"
  resolved "https://repo.symphony.com/artifactory/api/npm/npm-virtual-dev/package-json/-/package-json-6.5.0.tgz#6feedaca35e75725876d0b0e64974697fed145b0"
  integrity sha1-b+7ayjXnVyWHbQsOZJdGl/7RRbA=
  dependencies:
    got "^9.6.0"
    registry-auth-token "^4.0.0"
    registry-url "^5.0.0"
    semver "^6.2.0"

path-is-absolute@^1.0.0:
  version "1.0.1"
  resolved "https://repo.symphony.com/artifactory/api/npm/npm-virtual-dev/path-is-absolute/-/path-is-absolute-1.0.1.tgz#174b9268735534ffbc7ace6bf53a5a9e1b5c5f5f"
  integrity sha1-F0uSaHNVNP+8es5r9TpanhtcX18=

prepend-http@^2.0.0:
  version "2.0.0"
  resolved "https://repo.symphony.com/artifactory/api/npm/npm-virtual-dev/prepend-http/-/prepend-http-2.0.0.tgz#e92434bfa5ea8c19f41cdfd401d741a3c819d897"
  integrity sha1-6SQ0v6XqjBn0HN/UAddBo8gZ2Jc=

proto-list@~1.2.1:
  version "1.2.4"
  resolved "https://repo.symphony.com/artifactory/api/npm/npm-virtual-dev/proto-list/-/proto-list-1.2.4.tgz#212d5bfe1318306a420f6402b8e26ff39647a849"
  integrity sha1-IS1b/hMYMGpCD2QCuOJv85ZHqEk=

pseudomap@^1.0.2:
  version "1.0.2"
  resolved "https://repo.symphony.com/artifactory/api/npm/npm-virtual-dev/pseudomap/-/pseudomap-1.0.2.tgz#f052a28da70e618917ef0a8ac34c1ae5a68286b3"
  integrity sha1-8FKijacOYYkX7wqKw0wa5aaChrM=

pump@^3.0.0:
  version "3.0.0"
  resolved "https://repo.symphony.com/artifactory/api/npm/npm-virtual-dev/pump/-/pump-3.0.0.tgz#b4a2116815bde2f4e1ea602354e8c75565107a64"
  integrity sha1-tKIRaBW94vTh6mAjVOjHVWUQemQ=
  dependencies:
    end-of-stream "^1.1.0"
    once "^1.3.1"

pupa@^2.0.1:
  version "2.1.1"
  resolved "https://repo.symphony.com/artifactory/api/npm/npm-virtual-dev/pupa/-/pupa-2.1.1.tgz#f5e8fd4afc2c5d97828faa523549ed8744a20d62"
  integrity sha1-9ej9SvwsXZeCj6pSNUnth0SiDWI=
  dependencies:
    escape-goat "^2.0.0"

rc@^1.2.8:
  version "1.2.8"
  resolved "https://repo.symphony.com/artifactory/api/npm/npm-virtual-dev/rc/-/rc-1.2.8.tgz#cd924bf5200a075b83c188cd6b9e211b7fc0d3ed"
  integrity sha1-zZJL9SAKB1uDwYjNa54hG3/A0+0=
  dependencies:
    deep-extend "^0.6.0"
    ini "~1.3.0"
    minimist "^1.2.0"
    strip-json-comments "~2.0.1"

readable-stream@1.1:
  version "1.1.13"
  resolved "https://repo.symphony.com/artifactory/api/npm/npm-virtual-dev/readable-stream/-/readable-stream-1.1.13.tgz#f6eef764f514c89e2b9e23146a75ba106756d23e"
  integrity sha1-9u73ZPUUyJ4rniMUanW6EGdW0j4=
  dependencies:
    core-util-is "~1.0.0"
    inherits "~2.0.1"
    isarray "0.0.1"
    string_decoder "~0.10.x"

registry-auth-token@^4.0.0:
  version "4.2.1"
  resolved "https://repo.symphony.com/artifactory/api/npm/npm-virtual-dev/registry-auth-token/-/registry-auth-token-4.2.1.tgz#6d7b4006441918972ccd5fedcd41dc322c79b250"
  integrity sha1-bXtABkQZGJcszV/tzUHcMix5slA=
  dependencies:
    rc "^1.2.8"

registry-url@^5.0.0:
  version "5.1.0"
  resolved "https://repo.symphony.com/artifactory/api/npm/npm-virtual-dev/registry-url/-/registry-url-5.1.0.tgz#e98334b50d5434b81136b44ec638d9c2009c5009"
  integrity sha1-6YM0tQ1UNLgRNrROxjjZwgCcUAk=
  dependencies:
    rc "^1.2.8"

responselike@^1.0.2:
  version "1.0.2"
  resolved "https://repo.symphony.com/artifactory/api/npm/npm-virtual-dev/responselike/-/responselike-1.0.2.tgz#918720ef3b631c5642be068f15ade5a46f4ba1e7"
  integrity sha1-kYcg7ztjHFZCvgaPFa3lpG9Loec=
  dependencies:
    lowercase-keys "^1.0.0"

semver-diff@^3.1.1:
  version "3.1.1"
  resolved "https://repo.symphony.com/artifactory/api/npm/npm-virtual-dev/semver-diff/-/semver-diff-3.1.1.tgz#05f77ce59f325e00e2706afd67bb506ddb1ca32b"
  integrity sha1-Bfd85Z8yXgDicGr9Z7tQbdscoys=
  dependencies:
    semver "^6.3.0"

semver@^5.6.0:
  version "5.7.1"
  resolved "https://repo.symphony.com/artifactory/api/npm/npm-virtual-dev/semver/-/semver-5.7.1.tgz#a954f931aeba508d307bbf069eff0c01c96116f7"
  integrity sha1-qVT5Ma66UI0we78Gnv8MAclhFvc=

semver@^6.0.0, semver@^6.2.0, semver@^6.3.0:
  version "6.3.0"
  resolved "https://repo.symphony.com/artifactory/api/npm/npm-virtual-dev/semver/-/semver-6.3.0.tgz#ee0a64c8af5e8ceea67687b133761e1becbd1d3d"
  integrity sha1-7gpkyK9ejO6mdoexM3YeG+y9HT0=

shelljs@0.3.x:
  version "0.3.0"
  resolved "https://repo.symphony.com/artifactory/api/npm/npm-virtual-dev/shelljs/-/shelljs-0.3.0.tgz#3596e6307a781544f591f37da618360f31db57b1"
  integrity sha1-NZbmMHp4FUT1kfN9phg2DzHbV7E=

sigmund@^1.0.1:
  version "1.0.1"
  resolved "https://repo.symphony.com/artifactory/api/npm/npm-virtual-dev/sigmund/-/sigmund-1.0.1.tgz#3ff21f198cad2175f9f3b781853fd94d0d19b590"
  integrity sha1-P/IfGYytIXX587eBhT/ZTQ0ZtZA=

signal-exit@^3.0.2:
  version "3.0.3"
  resolved "https://repo.symphony.com/artifactory/api/npm/npm-virtual-dev/signal-exit/-/signal-exit-3.0.3.tgz#a1410c2edd8f077b08b4e253c8eacfcaf057461c"
  integrity sha1-oUEMLt2PB3sItOJTyOrPyvBXRhw=

string-width@^3.0.0:
  version "3.1.0"
  resolved "https://repo.symphony.com/artifactory/api/npm/npm-virtual-dev/string-width/-/string-width-3.1.0.tgz#22767be21b62af1081574306f69ac51b62203961"
  integrity sha1-InZ74htirxCBV0MG9prFG2IgOWE=
  dependencies:
    emoji-regex "^7.0.1"
    is-fullwidth-code-point "^2.0.0"
    strip-ansi "^5.1.0"

string-width@^4.0.0, string-width@^4.1.0:
  version "4.2.0"
  resolved "https://repo.symphony.com/artifactory/api/npm/npm-virtual-dev/string-width/-/string-width-4.2.0.tgz#952182c46cc7b2c313d1596e623992bd163b72b5"
  integrity sha1-lSGCxGzHssMT0VluYjmSvRY7crU=
  dependencies:
    emoji-regex "^8.0.0"
    is-fullwidth-code-point "^3.0.0"
    strip-ansi "^6.0.0"

string_decoder@~0.10.x:
  version "0.10.31"
  resolved "https://repo.symphony.com/artifactory/api/npm/npm-virtual-dev/string_decoder/-/string_decoder-0.10.31.tgz#62e203bc41766c6c28c9fc84301dab1c5310fa94"
  integrity sha1-YuIDvEF2bGwoyfyEMB2rHFMQ+pQ=

strip-ansi@^5.1.0:
  version "5.2.0"
  resolved "https://repo.symphony.com/artifactory/api/npm/npm-virtual-dev/strip-ansi/-/strip-ansi-5.2.0.tgz#8c9a536feb6afc962bdfa5b104a5091c1ad9c0ae"
  integrity sha1-jJpTb+tq/JYr36WxBKUJHBrZwK4=
  dependencies:
    ansi-regex "^4.1.0"

strip-ansi@^6.0.0:
  version "6.0.0"
  resolved "https://repo.symphony.com/artifactory/api/npm/npm-virtual-dev/strip-ansi/-/strip-ansi-6.0.0.tgz#0b1571dd7669ccd4f3e06e14ef1eed26225ae532"
  integrity sha1-CxVx3XZpzNTz4G4U7x7tJiJa5TI=
  dependencies:
    ansi-regex "^5.0.0"

strip-json-comments@1.0.x:
  version "1.0.4"
  resolved "https://repo.symphony.com/artifactory/api/npm/npm-virtual-dev/strip-json-comments/-/strip-json-comments-1.0.4.tgz#1e15fbcac97d3ee99bf2d73b4c656b082bbafb91"
  integrity sha1-HhX7ysl9Pumb8tc7TGVrCCu6+5E=

strip-json-comments@~2.0.1:
  version "2.0.1"
  resolved "https://repo.symphony.com/artifactory/api/npm/npm-virtual-dev/strip-json-comments/-/strip-json-comments-2.0.1.tgz#3c531942e908c2697c0ec344858c286c7ca0a60a"
  integrity sha1-PFMZQukIwml8DsNEhYwobHygpgo=

supports-color@^7.1.0:
  version "7.2.0"
  resolved "https://repo.symphony.com/artifactory/api/npm/npm-virtual-dev/supports-color/-/supports-color-7.2.0.tgz#1b7dcdcb32b8138801b3e478ba6a51caa89648da"
  integrity sha1-G33NyzK4E4gBs+R4umpRyqiWSNo=
  dependencies:
    has-flag "^4.0.0"

swagger-typescript-codegen@^3.2.1:
  version "3.2.1"
  resolved "https://repo.symphony.com/artifactory/api/npm/npm-virtual-dev/swagger-typescript-codegen/-/swagger-typescript-codegen-3.2.1.tgz#a39a1930dc35b7ea59f3c5f9d41caaf9c0591f17"
  integrity sha1-o5oZMNw1t+pZ88X51Byq+cBZHxc=
  dependencies:
    commander "^2.19.0"
    js-beautify "^1.8.9"
    jshint "^2.9.7"
    lodash "^4.17.19"
    mustache "^3.0.1"
    update-notifier "^4.1.0"

term-size@^2.1.0:
  version "2.2.1"
  resolved "https://repo.symphony.com/artifactory/api/npm/npm-virtual-dev/term-size/-/term-size-2.2.1.tgz#2a6a54840432c2fb6320fea0f415531e90189f54"
  integrity sha1-KmpUhAQywvtjIP6g9BVTHpAYn1Q=

to-readable-stream@^1.0.0:
  version "1.0.0"
  resolved "https://repo.symphony.com/artifactory/api/npm/npm-virtual-dev/to-readable-stream/-/to-readable-stream-1.0.0.tgz#ce0aa0c2f3df6adf852efb404a783e77c0475771"
  integrity sha1-zgqgwvPfat+FLvtASng+d8BHV3E=

type-fest@^0.8.1:
  version "0.8.1"
  resolved "https://repo.symphony.com/artifactory/api/npm/npm-virtual-dev/type-fest/-/type-fest-0.8.1.tgz#09e249ebde851d3b1e48d27c105444667f17b83d"
  integrity sha1-CeJJ696FHTseSNJ8EFREZn8XuD0=

typedarray-to-buffer@^3.1.5:
  version "3.1.5"
  resolved "https://repo.symphony.com/artifactory/api/npm/npm-virtual-dev/typedarray-to-buffer/-/typedarray-to-buffer-3.1.5.tgz#a97ee7a9ff42691b9f783ff1bc5112fe3fca9080"
  integrity sha1-qX7nqf9CaRufeD/xvFES/j/KkIA=
  dependencies:
    is-typedarray "^1.0.0"

typescript@3.9.7:
  version "3.9.7"
  resolved "https://repo.symphony.com/artifactory/api/npm/npm-virtual-dev/typescript/-/typescript-3.9.7.tgz#98d600a5ebdc38f40cb277522f12dc800e9e25fa"
  integrity sha1-mNYApevcOPQMsndSLxLcgA6eJfo=

unique-string@^2.0.0:
  version "2.0.0"
  resolved "https://repo.symphony.com/artifactory/api/npm/npm-virtual-dev/unique-string/-/unique-string-2.0.0.tgz#39c6451f81afb2749de2b233e3f7c5e8843bd89d"
  integrity sha1-OcZFH4GvsnSd4rIz4/fF6IQ72J0=
  dependencies:
    crypto-random-string "^2.0.0"

universalify@^1.0.0:
  version "1.0.0"
  resolved "https://repo.symphony.com/artifactory/api/npm/npm-virtual-dev/universalify/-/universalify-1.0.0.tgz#b61a1da173e8435b2fe3c67d29b9adf8594bd16d"
  integrity sha1-thodoXPoQ1sv48Z9Kbmt+FlL0W0=

universalify@^2.0.0:
  version "2.0.0"
  resolved "https://repo.symphony.com/artifactory/api/npm/npm-virtual-dev/universalify/-/universalify-2.0.0.tgz#75a4984efedc4b08975c5aeb73f530d02df25717"
  integrity sha1-daSYTv7cSwiXXFrrc/Uw0C3yVxc=

update-notifier@^4.1.0:
  version "4.1.3"
  resolved "https://repo.symphony.com/artifactory/api/npm/npm-virtual-dev/update-notifier/-/update-notifier-4.1.3.tgz#be86ee13e8ce48fb50043ff72057b5bd598e1ea3"
  integrity sha1-vobuE+jOSPtQBD/3IFe1vVmOHqM=
  dependencies:
    boxen "^4.2.0"
    chalk "^3.0.0"
    configstore "^5.0.1"
    has-yarn "^2.1.0"
    import-lazy "^2.1.0"
    is-ci "^2.0.0"
    is-installed-globally "^0.3.1"
    is-npm "^4.0.0"
    is-yarn-global "^0.3.0"
    latest-version "^5.0.0"
    pupa "^2.0.1"
    semver-diff "^3.1.1"
    xdg-basedir "^4.0.0"

url-parse-lax@^3.0.0:
  version "3.0.0"
  resolved "https://repo.symphony.com/artifactory/api/npm/npm-virtual-dev/url-parse-lax/-/url-parse-lax-3.0.0.tgz#16b5cafc07dbe3676c1b1999177823d6503acb0c"
  integrity sha1-FrXK/Afb42dsGxmZF3gj1lA6yww=
  dependencies:
    prepend-http "^2.0.0"

widest-line@^3.1.0:
  version "3.1.0"
  resolved "https://repo.symphony.com/artifactory/api/npm/npm-virtual-dev/widest-line/-/widest-line-3.1.0.tgz#8292333bbf66cb45ff0de1603b136b7ae1496eca"
  integrity sha1-gpIzO79my0X/DeFgOxNreuFJbso=
  dependencies:
    string-width "^4.0.0"

wrappy@1:
  version "1.0.2"
  resolved "https://repo.symphony.com/artifactory/api/npm/npm-virtual-dev/wrappy/-/wrappy-1.0.2.tgz#b5243d8f3ec1aa35f1364605bc0d1036e30ab69f"
  integrity sha1-tSQ9jz7BqjXxNkYFvA0QNuMKtp8=

write-file-atomic@^3.0.0:
  version "3.0.3"
  resolved "https://repo.symphony.com/artifactory/api/npm/npm-virtual-dev/write-file-atomic/-/write-file-atomic-3.0.3.tgz#56bd5c5a5c70481cd19c571bd39ab965a5de56e8"
  integrity sha1-Vr1cWlxwSBzRnFcb05q5ZaXeVug=
  dependencies:
    imurmurhash "^0.1.4"
    is-typedarray "^1.0.0"
    signal-exit "^3.0.2"
    typedarray-to-buffer "^3.1.5"

xdg-basedir@^4.0.0:
  version "4.0.0"
  resolved "https://repo.symphony.com/artifactory/api/npm/npm-virtual-dev/xdg-basedir/-/xdg-basedir-4.0.0.tgz#4bc8d9984403696225ef83a1573cbbcb4e79db13"
  integrity sha1-S8jZmEQDaWIl74OhVzy7y0552xM=

yallist@^2.1.2:
  version "2.1.2"
  resolved "https://repo.symphony.com/artifactory/api/npm/npm-virtual-dev/yallist/-/yallist-2.1.2.tgz#1c11f9218f076089a47dd512f93c6699a6a81d52"
  integrity sha1-HBH5IY8HYImkfdUS+TxmmaaoHVI=
